// !$*UTF8*$!
{
	archiveVersion = 1;
	classes = {
	};
	objectVersion = 50;
	objects = {

/* Begin PBXBuildFile section */
		021D9116261988480081C589 /* ContentView.swift in Sources */ = {isa = PBXBuildFile; fileRef = 021D9115261988480081C589 /* ContentView.swift */; };
		021D9124261988890081C589 /* SourcesList.swift in Sources */ = {isa = PBXBuildFile; fileRef = 021D9123261988890081C589 /* SourcesList.swift */; };
		0238369B2601D03B00A24059 /* SourcesList.swift in Sources */ = {isa = PBXBuildFile; fileRef = 0238369A2601D03B00A24059 /* SourcesList.swift */; };
		02984E9E25E6294D007CB2D7 /* SourceRow.swift in Sources */ = {isa = PBXBuildFile; fileRef = 02984E9D25E6294D007CB2D7 /* SourceRow.swift */; };
		02984E9F25E6294D007CB2D7 /* SourceRow.swift in Sources */ = {isa = PBXBuildFile; fileRef = 02984E9D25E6294D007CB2D7 /* SourceRow.swift */; };
		02984EA625E62B8B007CB2D7 /* ModelData.swift in Sources */ = {isa = PBXBuildFile; fileRef = 02984EA525E62B8B007CB2D7 /* ModelData.swift */; };
		02984EA725E62B8B007CB2D7 /* ModelData.swift in Sources */ = {isa = PBXBuildFile; fileRef = 02984EA525E62B8B007CB2D7 /* ModelData.swift */; };
		02984EAD25E62B99007CB2D7 /* Source.swift in Sources */ = {isa = PBXBuildFile; fileRef = 02984EAC25E62B99007CB2D7 /* Source.swift */; };
		02984EAE25E62B99007CB2D7 /* Source.swift in Sources */ = {isa = PBXBuildFile; fileRef = 02984EAC25E62B99007CB2D7 /* Source.swift */; };
		02984EB525E62BDC007CB2D7 /* sources.json in Resources */ = {isa = PBXBuildFile; fileRef = 02984EB425E62BDC007CB2D7 /* sources.json */; };
		02984EB625E62BDC007CB2D7 /* sources.json in Resources */ = {isa = PBXBuildFile; fileRef = 02984EB425E62BDC007CB2D7 /* sources.json */; };
		02C1DCEF25BF96040044A0E9 /* Tests_iOS.swift in Sources */ = {isa = PBXBuildFile; fileRef = 02C1DCEE25BF96040044A0E9 /* Tests_iOS.swift */; };
		02C1DCFA25BF96040044A0E9 /* Tests_macOS.swift in Sources */ = {isa = PBXBuildFile; fileRef = 02C1DCF925BF96040044A0E9 /* Tests_macOS.swift */; };
		02C1DCFC25BF96040044A0E9 /* MonitorApp.swift in Sources */ = {isa = PBXBuildFile; fileRef = 02C1DCD325BF96030044A0E9 /* MonitorApp.swift */; };
		02C1DCFD25BF96040044A0E9 /* MonitorApp.swift in Sources */ = {isa = PBXBuildFile; fileRef = 02C1DCD325BF96030044A0E9 /* MonitorApp.swift */; };
		02C1DCFE25BF96040044A0E9 /* ContentView.swift in Sources */ = {isa = PBXBuildFile; fileRef = 02C1DCD425BF96030044A0E9 /* ContentView.swift */; };
		02C1DD0025BF96040044A0E9 /* Assets.xcassets in Resources */ = {isa = PBXBuildFile; fileRef = 02C1DCD525BF96040044A0E9 /* Assets.xcassets */; };
		02C1DD0125BF96040044A0E9 /* Assets.xcassets in Resources */ = {isa = PBXBuildFile; fileRef = 02C1DCD525BF96040044A0E9 /* Assets.xcassets */; };
/* End PBXBuildFile section */

/* Begin PBXContainerItemProxy section */
		02C1DCEB25BF96040044A0E9 /* PBXContainerItemProxy */ = {
			isa = PBXContainerItemProxy;
			containerPortal = 02C1DCCE25BF96030044A0E9 /* Project object */;
			proxyType = 1;
			remoteGlobalIDString = 02C1DCD925BF96040044A0E9;
			remoteInfo = "Monitor (iOS)";
		};
		02C1DCF625BF96040044A0E9 /* PBXContainerItemProxy */ = {
			isa = PBXContainerItemProxy;
			containerPortal = 02C1DCCE25BF96030044A0E9 /* Project object */;
			proxyType = 1;
			remoteGlobalIDString = 02C1DCE125BF96040044A0E9;
			remoteInfo = "Monitor (macOS)";
		};
/* End PBXContainerItemProxy section */

/* Begin PBXFileReference section */
		021D9115261988480081C589 /* ContentView.swift */ = {isa = PBXFileReference; lastKnownFileType = sourcecode.swift; path = ContentView.swift; sourceTree = "<group>"; };
		021D9123261988890081C589 /* SourcesList.swift */ = {isa = PBXFileReference; lastKnownFileType = sourcecode.swift; path = SourcesList.swift; sourceTree = "<group>"; };
		0238369A2601D03B00A24059 /* SourcesList.swift */ = {isa = PBXFileReference; lastKnownFileType = sourcecode.swift; path = SourcesList.swift; sourceTree = "<group>"; };
		02984E9D25E6294D007CB2D7 /* SourceRow.swift */ = {isa = PBXFileReference; lastKnownFileType = sourcecode.swift; path = SourceRow.swift; sourceTree = "<group>"; };
		02984EA525E62B8B007CB2D7 /* ModelData.swift */ = {isa = PBXFileReference; lastKnownFileType = sourcecode.swift; path = ModelData.swift; sourceTree = "<group>"; };
		02984EAC25E62B99007CB2D7 /* Source.swift */ = {isa = PBXFileReference; lastKnownFileType = sourcecode.swift; path = Source.swift; sourceTree = "<group>"; };
		02984EB425E62BDC007CB2D7 /* sources.json */ = {isa = PBXFileReference; lastKnownFileType = text.json; path = sources.json; sourceTree = "<group>"; };
		02C1DCD325BF96030044A0E9 /* MonitorApp.swift */ = {isa = PBXFileReference; lastKnownFileType = sourcecode.swift; path = MonitorApp.swift; sourceTree = "<group>"; };
		02C1DCD425BF96030044A0E9 /* ContentView.swift */ = {isa = PBXFileReference; lastKnownFileType = sourcecode.swift; path = ContentView.swift; sourceTree = "<group>"; };
		02C1DCD525BF96040044A0E9 /* Assets.xcassets */ = {isa = PBXFileReference; lastKnownFileType = folder.assetcatalog; path = Assets.xcassets; sourceTree = "<group>"; };
		02C1DCDA25BF96040044A0E9 /* Monitor.app */ = {isa = PBXFileReference; explicitFileType = wrapper.application; includeInIndex = 0; path = Monitor.app; sourceTree = BUILT_PRODUCTS_DIR; };
		02C1DCDD25BF96040044A0E9 /* Info.plist */ = {isa = PBXFileReference; lastKnownFileType = text.plist.xml; path = Info.plist; sourceTree = "<group>"; };
		02C1DCE225BF96040044A0E9 /* Monitor.app */ = {isa = PBXFileReference; explicitFileType = wrapper.application; includeInIndex = 0; path = Monitor.app; sourceTree = BUILT_PRODUCTS_DIR; };
		02C1DCE425BF96040044A0E9 /* Info.plist */ = {isa = PBXFileReference; lastKnownFileType = text.plist.xml; path = Info.plist; sourceTree = "<group>"; };
		02C1DCE525BF96040044A0E9 /* macOS.entitlements */ = {isa = PBXFileReference; lastKnownFileType = text.plist.entitlements; path = macOS.entitlements; sourceTree = "<group>"; };
		02C1DCEA25BF96040044A0E9 /* Tests iOS.xctest */ = {isa = PBXFileReference; explicitFileType = wrapper.cfbundle; includeInIndex = 0; path = "Tests iOS.xctest"; sourceTree = BUILT_PRODUCTS_DIR; };
		02C1DCEE25BF96040044A0E9 /* Tests_iOS.swift */ = {isa = PBXFileReference; lastKnownFileType = sourcecode.swift; path = Tests_iOS.swift; sourceTree = "<group>"; };
		02C1DCF025BF96040044A0E9 /* Info.plist */ = {isa = PBXFileReference; lastKnownFileType = text.plist.xml; path = Info.plist; sourceTree = "<group>"; };
		02C1DCF525BF96040044A0E9 /* Tests macOS.xctest */ = {isa = PBXFileReference; explicitFileType = wrapper.cfbundle; includeInIndex = 0; path = "Tests macOS.xctest"; sourceTree = BUILT_PRODUCTS_DIR; };
		02C1DCF925BF96040044A0E9 /* Tests_macOS.swift */ = {isa = PBXFileReference; lastKnownFileType = sourcecode.swift; path = Tests_macOS.swift; sourceTree = "<group>"; };
		02C1DCFB25BF96040044A0E9 /* Info.plist */ = {isa = PBXFileReference; lastKnownFileType = text.plist.xml; path = Info.plist; sourceTree = "<group>"; };
/* End PBXFileReference section */

/* Begin PBXFrameworksBuildPhase section */
		02C1DCD725BF96040044A0E9 /* Frameworks */ = {
			isa = PBXFrameworksBuildPhase;
			buildActionMask = 2147483647;
			files = (
			);
			runOnlyForDeploymentPostprocessing = 0;
		};
		02C1DCDF25BF96040044A0E9 /* Frameworks */ = {
			isa = PBXFrameworksBuildPhase;
			buildActionMask = 2147483647;
			files = (
			);
			runOnlyForDeploymentPostprocessing = 0;
		};
		02C1DCE725BF96040044A0E9 /* Frameworks */ = {
			isa = PBXFrameworksBuildPhase;
			buildActionMask = 2147483647;
			files = (
			);
			runOnlyForDeploymentPostprocessing = 0;
		};
		02C1DCF225BF96040044A0E9 /* Frameworks */ = {
			isa = PBXFrameworksBuildPhase;
			buildActionMask = 2147483647;
			files = (
			);
			runOnlyForDeploymentPostprocessing = 0;
		};
/* End PBXFrameworksBuildPhase section */

/* Begin PBXGroup section */
		020F13382612EEAA00C72931 /* Frameworks */ = {
			isa = PBXGroup;
			children = (
			);
			name = Frameworks;
			sourceTree = "<group>";
		};
		02984EA425E62B69007CB2D7 /* Models */ = {
			isa = PBXGroup;
			children = (
				02984EA525E62B8B007CB2D7 /* ModelData.swift */,
				02984EAC25E62B99007CB2D7 /* Source.swift */,
			);
			path = Models;
			sourceTree = "<group>";
		};
		02984EB325E62BCC007CB2D7 /* Resources */ = {
			isa = PBXGroup;
			children = (
				02984EB425E62BDC007CB2D7 /* sources.json */,
			);
			path = Resources;
			sourceTree = "<group>";
		};
		02984EC025E62C3A007CB2D7 /* Views */ = {
			isa = PBXGroup;
			children = (
				02C1DCD425BF96030044A0E9 /* ContentView.swift */,
				0238369A2601D03B00A24059 /* SourcesList.swift */,
				02984E9D25E6294D007CB2D7 /* SourceRow.swift */,
			);
			path = Views;
			sourceTree = "<group>";
		};
		02C1DCCD25BF96030044A0E9 = {
			isa = PBXGroup;
			children = (
				02C1DCD225BF96030044A0E9 /* Monitor */,
				02C1DCDC25BF96040044A0E9 /* iOS */,
				02C1DCE325BF96040044A0E9 /* macOS */,
				02C1DCED25BF96040044A0E9 /* Tests iOS */,
				02C1DCF825BF96040044A0E9 /* Tests macOS */,
				02C1DCDB25BF96040044A0E9 /* Products */,
				020F13382612EEAA00C72931 /* Frameworks */,
			);
			sourceTree = "<group>";
		};
		02C1DCD225BF96030044A0E9 /* Monitor */ = {
			isa = PBXGroup;
			children = (
				02984EC025E62C3A007CB2D7 /* Views */,
				02984EB325E62BCC007CB2D7 /* Resources */,
				02984EA425E62B69007CB2D7 /* Models */,
				02C1DCD325BF96030044A0E9 /* MonitorApp.swift */,
				02C1DCD525BF96040044A0E9 /* Assets.xcassets */,
			);
			path = Monitor;
			sourceTree = "<group>";
		};
		02C1DCDB25BF96040044A0E9 /* Products */ = {
			isa = PBXGroup;
			children = (
				02C1DCDA25BF96040044A0E9 /* Monitor.app */,
				02C1DCE225BF96040044A0E9 /* Monitor.app */,
				02C1DCEA25BF96040044A0E9 /* Tests iOS.xctest */,
				02C1DCF525BF96040044A0E9 /* Tests macOS.xctest */,
			);
			name = Products;
			sourceTree = "<group>";
		};
		02C1DCDC25BF96040044A0E9 /* iOS */ = {
			isa = PBXGroup;
			children = (
				02C1DCDD25BF96040044A0E9 /* Info.plist */,
			);
			path = iOS;
			sourceTree = "<group>";
		};
		02C1DCE325BF96040044A0E9 /* macOS */ = {
			isa = PBXGroup;
			children = (
				02C1DCE425BF96040044A0E9 /* Info.plist */,
				021D9115261988480081C589 /* ContentView.swift */,
				021D9123261988890081C589 /* SourcesList.swift */,
				02C1DCE525BF96040044A0E9 /* macOS.entitlements */,
			);
			path = macOS;
			sourceTree = "<group>";
		};
		02C1DCED25BF96040044A0E9 /* Tests iOS */ = {
			isa = PBXGroup;
			children = (
				02C1DCEE25BF96040044A0E9 /* Tests_iOS.swift */,
				02C1DCF025BF96040044A0E9 /* Info.plist */,
			);
			path = "Tests iOS";
			sourceTree = "<group>";
		};
		02C1DCF825BF96040044A0E9 /* Tests macOS */ = {
			isa = PBXGroup;
			children = (
				02C1DCF925BF96040044A0E9 /* Tests_macOS.swift */,
				02C1DCFB25BF96040044A0E9 /* Info.plist */,
			);
			path = "Tests macOS";
			sourceTree = "<group>";
		};
/* End PBXGroup section */

/* Begin PBXNativeTarget section */
		02C1DCD925BF96040044A0E9 /* Monitor (iOS) */ = {
			isa = PBXNativeTarget;
			buildConfigurationList = 02C1DD0425BF96040044A0E9 /* Build configuration list for PBXNativeTarget "Monitor (iOS)" */;
			buildPhases = (
				02C1DCD625BF96040044A0E9 /* Sources */,
				02C1DCD725BF96040044A0E9 /* Frameworks */,
				02C1DCD825BF96040044A0E9 /* Resources */,
			);
			buildRules = (
			);
			dependencies = (
			);
			name = "Monitor (iOS)";
			packageProductDependencies = (
			);
			productName = "Monitor (iOS)";
			productReference = 02C1DCDA25BF96040044A0E9 /* Monitor.app */;
			productType = "com.apple.product-type.application";
		};
		02C1DCE125BF96040044A0E9 /* Monitor (macOS) */ = {
			isa = PBXNativeTarget;
			buildConfigurationList = 02C1DD0725BF96040044A0E9 /* Build configuration list for PBXNativeTarget "Monitor (macOS)" */;
			buildPhases = (
				02C1DCDE25BF96040044A0E9 /* Sources */,
				02C1DCDF25BF96040044A0E9 /* Frameworks */,
				02C1DCE025BF96040044A0E9 /* Resources */,
			);
			buildRules = (
			);
			dependencies = (
			);
			name = "Monitor (macOS)";
			packageProductDependencies = (
			);
			productName = "Monitor (macOS)";
			productReference = 02C1DCE225BF96040044A0E9 /* Monitor.app */;
			productType = "com.apple.product-type.application";
		};
		02C1DCE925BF96040044A0E9 /* Tests iOS */ = {
			isa = PBXNativeTarget;
			buildConfigurationList = 02C1DD0A25BF96040044A0E9 /* Build configuration list for PBXNativeTarget "Tests iOS" */;
			buildPhases = (
				02C1DCE625BF96040044A0E9 /* Sources */,
				02C1DCE725BF96040044A0E9 /* Frameworks */,
				02C1DCE825BF96040044A0E9 /* Resources */,
			);
			buildRules = (
			);
			dependencies = (
				02C1DCEC25BF96040044A0E9 /* PBXTargetDependency */,
			);
			name = "Tests iOS";
			productName = "Tests iOS";
			productReference = 02C1DCEA25BF96040044A0E9 /* Tests iOS.xctest */;
			productType = "com.apple.product-type.bundle.ui-testing";
		};
		02C1DCF425BF96040044A0E9 /* Tests macOS */ = {
			isa = PBXNativeTarget;
			buildConfigurationList = 02C1DD0D25BF96040044A0E9 /* Build configuration list for PBXNativeTarget "Tests macOS" */;
			buildPhases = (
				02C1DCF125BF96040044A0E9 /* Sources */,
				02C1DCF225BF96040044A0E9 /* Frameworks */,
				02C1DCF325BF96040044A0E9 /* Resources */,
			);
			buildRules = (
			);
			dependencies = (
				02C1DCF725BF96040044A0E9 /* PBXTargetDependency */,
			);
			name = "Tests macOS";
			productName = "Tests macOS";
			productReference = 02C1DCF525BF96040044A0E9 /* Tests macOS.xctest */;
			productType = "com.apple.product-type.bundle.ui-testing";
		};
/* End PBXNativeTarget section */

/* Begin PBXProject section */
		02C1DCCE25BF96030044A0E9 /* Project object */ = {
			isa = PBXProject;
			attributes = {
				LastSwiftUpdateCheck = 1230;
				LastUpgradeCheck = 1240;
				TargetAttributes = {
					02C1DCD925BF96040044A0E9 = {
						CreatedOnToolsVersion = 12.3;
					};
					02C1DCE125BF96040044A0E9 = {
						CreatedOnToolsVersion = 12.3;
					};
					02C1DCE925BF96040044A0E9 = {
						CreatedOnToolsVersion = 12.3;
						TestTargetID = 02C1DCD925BF96040044A0E9;
					};
					02C1DCF425BF96040044A0E9 = {
						CreatedOnToolsVersion = 12.3;
						TestTargetID = 02C1DCE125BF96040044A0E9;
					};
				};
			};
			buildConfigurationList = 02C1DCD125BF96030044A0E9 /* Build configuration list for PBXProject "Monitor" */;
			compatibilityVersion = "Xcode 9.3";
			developmentRegion = en;
			hasScannedForEncodings = 0;
			knownRegions = (
				en,
				Base,
			);
			mainGroup = 02C1DCCD25BF96030044A0E9;
			packageReferences = (
			);
			productRefGroup = 02C1DCDB25BF96040044A0E9 /* Products */;
			projectDirPath = "";
			projectRoot = "";
			targets = (
				02C1DCD925BF96040044A0E9 /* Monitor (iOS) */,
				02C1DCE125BF96040044A0E9 /* Monitor (macOS) */,
				02C1DCE925BF96040044A0E9 /* Tests iOS */,
				02C1DCF425BF96040044A0E9 /* Tests macOS */,
			);
		};
/* End PBXProject section */

/* Begin PBXResourcesBuildPhase section */
		02C1DCD825BF96040044A0E9 /* Resources */ = {
			isa = PBXResourcesBuildPhase;
			buildActionMask = 2147483647;
			files = (
				02984EB525E62BDC007CB2D7 /* sources.json in Resources */,
				02C1DD0025BF96040044A0E9 /* Assets.xcassets in Resources */,
			);
			runOnlyForDeploymentPostprocessing = 0;
		};
		02C1DCE025BF96040044A0E9 /* Resources */ = {
			isa = PBXResourcesBuildPhase;
			buildActionMask = 2147483647;
			files = (
				02984EB625E62BDC007CB2D7 /* sources.json in Resources */,
				02C1DD0125BF96040044A0E9 /* Assets.xcassets in Resources */,
			);
			runOnlyForDeploymentPostprocessing = 0;
		};
		02C1DCE825BF96040044A0E9 /* Resources */ = {
			isa = PBXResourcesBuildPhase;
			buildActionMask = 2147483647;
			files = (
			);
			runOnlyForDeploymentPostprocessing = 0;
		};
		02C1DCF325BF96040044A0E9 /* Resources */ = {
			isa = PBXResourcesBuildPhase;
			buildActionMask = 2147483647;
			files = (
			);
			runOnlyForDeploymentPostprocessing = 0;
		};
/* End PBXResourcesBuildPhase section */

/* Begin PBXSourcesBuildPhase section */
		02C1DCD625BF96040044A0E9 /* Sources */ = {
			isa = PBXSourcesBuildPhase;
			buildActionMask = 2147483647;
			files = (
				02C1DCFE25BF96040044A0E9 /* ContentView.swift in Sources */,
				02C1DCFC25BF96040044A0E9 /* MonitorApp.swift in Sources */,
				0238369B2601D03B00A24059 /* SourcesList.swift in Sources */,
				02984EAD25E62B99007CB2D7 /* Source.swift in Sources */,
				02984EA625E62B8B007CB2D7 /* ModelData.swift in Sources */,
				02984E9E25E6294D007CB2D7 /* SourceRow.swift in Sources */,
			);
			runOnlyForDeploymentPostprocessing = 0;
		};
		02C1DCDE25BF96040044A0E9 /* Sources */ = {
			isa = PBXSourcesBuildPhase;
			buildActionMask = 2147483647;
			files = (
				02C1DCFD25BF96040044A0E9 /* MonitorApp.swift in Sources */,
				021D9116261988480081C589 /* ContentView.swift in Sources */,
				02984EAE25E62B99007CB2D7 /* Source.swift in Sources */,
				021D9124261988890081C589 /* SourcesList.swift in Sources */,
				02984EA725E62B8B007CB2D7 /* ModelData.swift in Sources */,
				02984E9F25E6294D007CB2D7 /* SourceRow.swift in Sources */,
			);
			runOnlyForDeploymentPostprocessing = 0;
		};
		02C1DCE625BF96040044A0E9 /* Sources */ = {
			isa = PBXSourcesBuildPhase;
			buildActionMask = 2147483647;
			files = (
				02C1DCEF25BF96040044A0E9 /* Tests_iOS.swift in Sources */,
			);
			runOnlyForDeploymentPostprocessing = 0;
		};
		02C1DCF125BF96040044A0E9 /* Sources */ = {
			isa = PBXSourcesBuildPhase;
			buildActionMask = 2147483647;
			files = (
				02C1DCFA25BF96040044A0E9 /* Tests_macOS.swift in Sources */,
			);
			runOnlyForDeploymentPostprocessing = 0;
		};
/* End PBXSourcesBuildPhase section */

/* Begin PBXTargetDependency section */
		02C1DCEC25BF96040044A0E9 /* PBXTargetDependency */ = {
			isa = PBXTargetDependency;
			target = 02C1DCD925BF96040044A0E9 /* Monitor (iOS) */;
			targetProxy = 02C1DCEB25BF96040044A0E9 /* PBXContainerItemProxy */;
		};
		02C1DCF725BF96040044A0E9 /* PBXTargetDependency */ = {
			isa = PBXTargetDependency;
			target = 02C1DCE125BF96040044A0E9 /* Monitor (macOS) */;
			targetProxy = 02C1DCF625BF96040044A0E9 /* PBXContainerItemProxy */;
		};
/* End PBXTargetDependency section */

/* Begin XCBuildConfiguration section */
		02C1DD0225BF96040044A0E9 /* Debug */ = {
			isa = XCBuildConfiguration;
			buildSettings = {
				ALWAYS_SEARCH_USER_PATHS = NO;
				CLANG_ANALYZER_NONNULL = YES;
				CLANG_ANALYZER_NUMBER_OBJECT_CONVERSION = YES_AGGRESSIVE;
				CLANG_CXX_LANGUAGE_STANDARD = "gnu++14";
				CLANG_CXX_LIBRARY = "libc++";
				CLANG_ENABLE_MODULES = YES;
				CLANG_ENABLE_OBJC_ARC = YES;
				CLANG_ENABLE_OBJC_WEAK = YES;
				CLANG_WARN_BLOCK_CAPTURE_AUTORELEASING = YES;
				CLANG_WARN_BOOL_CONVERSION = YES;
				CLANG_WARN_COMMA = YES;
				CLANG_WARN_CONSTANT_CONVERSION = YES;
				CLANG_WARN_DEPRECATED_OBJC_IMPLEMENTATIONS = YES;
				CLANG_WARN_DIRECT_OBJC_ISA_USAGE = YES_ERROR;
				CLANG_WARN_DOCUMENTATION_COMMENTS = YES;
				CLANG_WARN_EMPTY_BODY = YES;
				CLANG_WARN_ENUM_CONVERSION = YES;
				CLANG_WARN_INFINITE_RECURSION = YES;
				CLANG_WARN_INT_CONVERSION = YES;
				CLANG_WARN_NON_LITERAL_NULL_CONVERSION = YES;
				CLANG_WARN_OBJC_IMPLICIT_RETAIN_SELF = YES;
				CLANG_WARN_OBJC_LITERAL_CONVERSION = YES;
				CLANG_WARN_OBJC_ROOT_CLASS = YES_ERROR;
				CLANG_WARN_QUOTED_INCLUDE_IN_FRAMEWORK_HEADER = YES;
				CLANG_WARN_RANGE_LOOP_ANALYSIS = YES;
				CLANG_WARN_STRICT_PROTOTYPES = YES;
				CLANG_WARN_SUSPICIOUS_MOVE = YES;
				CLANG_WARN_UNGUARDED_AVAILABILITY = YES_AGGRESSIVE;
				CLANG_WARN_UNREACHABLE_CODE = YES;
				CLANG_WARN__DUPLICATE_METHOD_MATCH = YES;
				COPY_PHASE_STRIP = NO;
				DEBUG_INFORMATION_FORMAT = dwarf;
				ENABLE_STRICT_OBJC_MSGSEND = YES;
				ENABLE_TESTABILITY = YES;
				GCC_C_LANGUAGE_STANDARD = gnu11;
				GCC_DYNAMIC_NO_PIC = NO;
				GCC_NO_COMMON_BLOCKS = YES;
				GCC_OPTIMIZATION_LEVEL = 0;
				GCC_PREPROCESSOR_DEFINITIONS = (
					"DEBUG=1",
					"$(inherited)",
				);
				GCC_WARN_64_TO_32_BIT_CONVERSION = YES;
				GCC_WARN_ABOUT_RETURN_TYPE = YES_ERROR;
				GCC_WARN_UNDECLARED_SELECTOR = YES;
				GCC_WARN_UNINITIALIZED_AUTOS = YES_AGGRESSIVE;
				GCC_WARN_UNUSED_FUNCTION = YES;
				GCC_WARN_UNUSED_VARIABLE = YES;
				MTL_ENABLE_DEBUG_INFO = INCLUDE_SOURCE;
				MTL_FAST_MATH = YES;
				ONLY_ACTIVE_ARCH = YES;
				SWIFT_ACTIVE_COMPILATION_CONDITIONS = DEBUG;
				SWIFT_OPTIMIZATION_LEVEL = "-Onone";
			};
			name = Debug;
		};
		02C1DD0325BF96040044A0E9 /* Release */ = {
			isa = XCBuildConfiguration;
			buildSettings = {
				ALWAYS_SEARCH_USER_PATHS = NO;
				CLANG_ANALYZER_NONNULL = YES;
				CLANG_ANALYZER_NUMBER_OBJECT_CONVERSION = YES_AGGRESSIVE;
				CLANG_CXX_LANGUAGE_STANDARD = "gnu++14";
				CLANG_CXX_LIBRARY = "libc++";
				CLANG_ENABLE_MODULES = YES;
				CLANG_ENABLE_OBJC_ARC = YES;
				CLANG_ENABLE_OBJC_WEAK = YES;
				CLANG_WARN_BLOCK_CAPTURE_AUTORELEASING = YES;
				CLANG_WARN_BOOL_CONVERSION = YES;
				CLANG_WARN_COMMA = YES;
				CLANG_WARN_CONSTANT_CONVERSION = YES;
				CLANG_WARN_DEPRECATED_OBJC_IMPLEMENTATIONS = YES;
				CLANG_WARN_DIRECT_OBJC_ISA_USAGE = YES_ERROR;
				CLANG_WARN_DOCUMENTATION_COMMENTS = YES;
				CLANG_WARN_EMPTY_BODY = YES;
				CLANG_WARN_ENUM_CONVERSION = YES;
				CLANG_WARN_INFINITE_RECURSION = YES;
				CLANG_WARN_INT_CONVERSION = YES;
				CLANG_WARN_NON_LITERAL_NULL_CONVERSION = YES;
				CLANG_WARN_OBJC_IMPLICIT_RETAIN_SELF = YES;
				CLANG_WARN_OBJC_LITERAL_CONVERSION = YES;
				CLANG_WARN_OBJC_ROOT_CLASS = YES_ERROR;
				CLANG_WARN_QUOTED_INCLUDE_IN_FRAMEWORK_HEADER = YES;
				CLANG_WARN_RANGE_LOOP_ANALYSIS = YES;
				CLANG_WARN_STRICT_PROTOTYPES = YES;
				CLANG_WARN_SUSPICIOUS_MOVE = YES;
				CLANG_WARN_UNGUARDED_AVAILABILITY = YES_AGGRESSIVE;
				CLANG_WARN_UNREACHABLE_CODE = YES;
				CLANG_WARN__DUPLICATE_METHOD_MATCH = YES;
				COPY_PHASE_STRIP = NO;
				DEBUG_INFORMATION_FORMAT = "dwarf-with-dsym";
				ENABLE_NS_ASSERTIONS = NO;
				ENABLE_STRICT_OBJC_MSGSEND = YES;
				GCC_C_LANGUAGE_STANDARD = gnu11;
				GCC_NO_COMMON_BLOCKS = YES;
				GCC_WARN_64_TO_32_BIT_CONVERSION = YES;
				GCC_WARN_ABOUT_RETURN_TYPE = YES_ERROR;
				GCC_WARN_UNDECLARED_SELECTOR = YES;
				GCC_WARN_UNINITIALIZED_AUTOS = YES_AGGRESSIVE;
				GCC_WARN_UNUSED_FUNCTION = YES;
				GCC_WARN_UNUSED_VARIABLE = YES;
				MTL_ENABLE_DEBUG_INFO = NO;
				MTL_FAST_MATH = YES;
				SWIFT_COMPILATION_MODE = wholemodule;
				SWIFT_OPTIMIZATION_LEVEL = "-O";
			};
			name = Release;
		};
		02C1DD0525BF96040044A0E9 /* Debug */ = {
			isa = XCBuildConfiguration;
			buildSettings = {
				ASSETCATALOG_COMPILER_APPICON_NAME = AppIcon;
				ASSETCATALOG_COMPILER_GLOBAL_ACCENT_COLOR_NAME = AccentColor;
				CODE_SIGN_STYLE = Automatic;
				ENABLE_PREVIEWS = YES;
				INFOPLIST_FILE = iOS/Info.plist;
				IPHONEOS_DEPLOYMENT_TARGET = 14.0;
				LD_RUNPATH_SEARCH_PATHS = (
					"$(inherited)",
					"@executable_path/Frameworks",
				);
				PRODUCT_BUNDLE_IDENTIFIER = com.brycemecum.Monitor;
				PRODUCT_NAME = Monitor;
				SDKROOT = iphoneos;
				SWIFT_VERSION = 5.0;
				TARGETED_DEVICE_FAMILY = "1,2";
			};
			name = Debug;
		};
		02C1DD0625BF96040044A0E9 /* Release */ = {
			isa = XCBuildConfiguration;
			buildSettings = {
				ASSETCATALOG_COMPILER_APPICON_NAME = AppIcon;
				ASSETCATALOG_COMPILER_GLOBAL_ACCENT_COLOR_NAME = AccentColor;
				CODE_SIGN_STYLE = Automatic;
				ENABLE_PREVIEWS = YES;
				INFOPLIST_FILE = iOS/Info.plist;
				IPHONEOS_DEPLOYMENT_TARGET = 14.0;
				LD_RUNPATH_SEARCH_PATHS = (
					"$(inherited)",
					"@executable_path/Frameworks",
				);
				PRODUCT_BUNDLE_IDENTIFIER = com.brycemecum.Monitor;
				PRODUCT_NAME = Monitor;
				SDKROOT = iphoneos;
				SWIFT_VERSION = 5.0;
				TARGETED_DEVICE_FAMILY = "1,2";
				VALIDATE_PRODUCT = YES;
			};
			name = Release;
		};
		02C1DD0825BF96040044A0E9 /* Debug */ = {
			isa = XCBuildConfiguration;
			buildSettings = {
				ASSETCATALOG_COMPILER_APPICON_NAME = AppIcon;
				ASSETCATALOG_COMPILER_GLOBAL_ACCENT_COLOR_NAME = AccentColor;
				CODE_SIGN_ENTITLEMENTS = macOS/macOS.entitlements;
				CODE_SIGN_IDENTITY = "-";
				CODE_SIGN_STYLE = Automatic;
				COMBINE_HIDPI_IMAGES = YES;
				ENABLE_PREVIEWS = YES;
				INFOPLIST_FILE = macOS/Info.plist;
				LD_RUNPATH_SEARCH_PATHS = (
					"$(inherited)",
					"@executable_path/../Frameworks",
				);
				MACOSX_DEPLOYMENT_TARGET = 11.0;
				PRODUCT_BUNDLE_IDENTIFIER = com.brycemecum.Monitor;
				PRODUCT_NAME = Monitor;
				SDKROOT = macosx;
				SWIFT_VERSION = 5.0;
			};
			name = Debug;
		};
		02C1DD0925BF96040044A0E9 /* Release */ = {
			isa = XCBuildConfiguration;
			buildSettings = {
				ASSETCATALOG_COMPILER_APPICON_NAME = AppIcon;
				ASSETCATALOG_COMPILER_GLOBAL_ACCENT_COLOR_NAME = AccentColor;
				CODE_SIGN_ENTITLEMENTS = macOS/macOS.entitlements;
				CODE_SIGN_IDENTITY = "-";
				CODE_SIGN_STYLE = Automatic;
				COMBINE_HIDPI_IMAGES = YES;
				ENABLE_PREVIEWS = YES;
				INFOPLIST_FILE = macOS/Info.plist;
				LD_RUNPATH_SEARCH_PATHS = (
					"$(inherited)",
					"@executable_path/../Frameworks",
				);
				MACOSX_DEPLOYMENT_TARGET = 11.0;
				PRODUCT_BUNDLE_IDENTIFIER = com.brycemecum.Monitor;
				PRODUCT_NAME = Monitor;
				SDKROOT = macosx;
				SWIFT_VERSION = 5.0;
			};
			name = Release;
		};
		02C1DD0B25BF96040044A0E9 /* Debug */ = {
			isa = XCBuildConfiguration;
			buildSettings = {
				ALWAYS_EMBED_SWIFT_STANDARD_LIBRARIES = YES;
				CODE_SIGN_STYLE = Automatic;
				INFOPLIST_FILE = "Tests iOS/Info.plist";
				IPHONEOS_DEPLOYMENT_TARGET = 14.3;
				LD_RUNPATH_SEARCH_PATHS = (
					"$(inherited)",
					"@executable_path/Frameworks",
					"@loader_path/Frameworks",
				);
				PRODUCT_BUNDLE_IDENTIFIER = "com.brycemecum.Tests-iOS";
				PRODUCT_NAME = "$(TARGET_NAME)";
				SDKROOT = iphoneos;
				SWIFT_VERSION = 5.0;
				TARGETED_DEVICE_FAMILY = "1,2";
				TEST_TARGET_NAME = "Monitor (iOS)";
			};
			name = Debug;
		};
		02C1DD0C25BF96040044A0E9 /* Release */ = {
			isa = XCBuildConfiguration;
			buildSettings = {
				ALWAYS_EMBED_SWIFT_STANDARD_LIBRARIES = YES;
				CODE_SIGN_STYLE = Automatic;
				INFOPLIST_FILE = "Tests iOS/Info.plist";
				IPHONEOS_DEPLOYMENT_TARGET = 14.3;
				LD_RUNPATH_SEARCH_PATHS = (
					"$(inherited)",
					"@executable_path/Frameworks",
					"@loader_path/Frameworks",
				);
				PRODUCT_BUNDLE_IDENTIFIER = "com.brycemecum.Tests-iOS";
				PRODUCT_NAME = "$(TARGET_NAME)";
				SDKROOT = iphoneos;
				SWIFT_VERSION = 5.0;
				TARGETED_DEVICE_FAMILY = "1,2";
				TEST_TARGET_NAME = "Monitor (iOS)";
				VALIDATE_PRODUCT = YES;
			};
			name = Release;
		};
		02C1DD0E25BF96040044A0E9 /* Debug */ = {
			isa = XCBuildConfiguration;
			buildSettings = {
				ALWAYS_EMBED_SWIFT_STANDARD_LIBRARIES = YES;
				CODE_SIGN_STYLE = Automatic;
				COMBINE_HIDPI_IMAGES = YES;
				INFOPLIST_FILE = "Tests macOS/Info.plist";
				LD_RUNPATH_SEARCH_PATHS = (
					"$(inherited)",
					"@executable_path/../Frameworks",
					"@loader_path/../Frameworks",
				);
				MACOSX_DEPLOYMENT_TARGET = 11.1;
				PRODUCT_BUNDLE_IDENTIFIER = "com.brycemecum.Tests-macOS";
				PRODUCT_NAME = "$(TARGET_NAME)";
				SDKROOT = macosx;
				SWIFT_VERSION = 5.0;
				TEST_TARGET_NAME = "Monitor (macOS)";
			};
			name = Debug;
		};
		02C1DD0F25BF96040044A0E9 /* Release */ = {
			isa = XCBuildConfiguration;
			buildSettings = {
				ALWAYS_EMBED_SWIFT_STANDARD_LIBRARIES = YES;
				CODE_SIGN_STYLE = Automatic;
				COMBINE_HIDPI_IMAGES = YES;
				INFOPLIST_FILE = "Tests macOS/Info.plist";
				LD_RUNPATH_SEARCH_PATHS = (
					"$(inherited)",
					"@executable_path/../Frameworks",
					"@loader_path/../Frameworks",
				);
				MACOSX_DEPLOYMENT_TARGET = 11.1;
				PRODUCT_BUNDLE_IDENTIFIER = "com.brycemecum.Tests-macOS";
				PRODUCT_NAME = "$(TARGET_NAME)";
				SDKROOT = macosx;
				SWIFT_VERSION = 5.0;
				TEST_TARGET_NAME = "Monitor (macOS)";
			};
			name = Release;
		};
/* End XCBuildConfiguration section */

/* Begin XCConfigurationList section */
		02C1DCD125BF96030044A0E9 /* Build configuration list for PBXProject "Monitor" */ = {
			isa = XCConfigurationList;
			buildConfigurations = (
				02C1DD0225BF96040044A0E9 /* Debug */,
				02C1DD0325BF96040044A0E9 /* Release */,
			);
			defaultConfigurationIsVisible = 0;
			defaultConfigurationName = Release;
		};
		02C1DD0425BF96040044A0E9 /* Build configuration list for PBXNativeTarget "Monitor (iOS)" */ = {
			isa = XCConfigurationList;
			buildConfigurations = (
				02C1DD0525BF96040044A0E9 /* Debug */,
				02C1DD0625BF96040044A0E9 /* Release */,
			);
			defaultConfigurationIsVisible = 0;
			defaultConfigurationName = Release;
		};
		02C1DD0725BF96040044A0E9 /* Build configuration list for PBXNativeTarget "Monitor (macOS)" */ = {
			isa = XCConfigurationList;
			buildConfigurations = (
				02C1DD0825BF96040044A0E9 /* Debug */,
				02C1DD0925BF96040044A0E9 /* Release */,
			);
			defaultConfigurationIsVisible = 0;
			defaultConfigurationName = Release;
		};
		02C1DD0A25BF96040044A0E9 /* Build configuration list for PBXNativeTarget "Tests iOS" */ = {
			isa = XCConfigurationList;
			buildConfigurations = (
				02C1DD0B25BF96040044A0E9 /* Debug */,
				02C1DD0C25BF96040044A0E9 /* Release */,
			);
			defaultConfigurationIsVisible = 0;
			defaultConfigurationName = Release;
		};
		02C1DD0D25BF96040044A0E9 /* Build configuration list for PBXNativeTarget "Tests macOS" */ = {
			isa = XCConfigurationList;
			buildConfigurations = (
				02C1DD0E25BF96040044A0E9 /* Debug */,
				02C1DD0F25BF96040044A0E9 /* Release */,
			);
			defaultConfigurationIsVisible = 0;
			defaultConfigurationName = Release;
		};
/* End XCConfigurationList section */
	};
	rootObject = 02C1DCCE25BF96030044A0E9 /* Project object */;
}
